
Microsoft Visual Studio Solution File, Format Version 12.00
# Visual Studio Version 16
VisualStudioVersion = 16.0.32802.440
MinimumVisualStudioVersion = 10.0.40219.1
Project("{FAE04EC0-301F-11D3-BF4B-00C04F79EFBC}") = "HospitalProjectStJoeseph", "HospitalProjectStJoeseph\HospitalProjectStJoeseph.csproj", "{23B0C606-3A76-4A22-ACDF-CD7C3387D306}"
EndProject
Global
	GlobalSection(SolutionConfigurationPlatforms) = preSolution
		Debug|Any CPU = Debug|Any CPU
		Release|Any CPU = Release|Any CPU
	EndGlobalSection
	GlobalSection(ProjectConfigurationPlatforms) = postSolution
		{23B0C606-3A76-4A22-ACDF-CD7C3387D306}.Debug|Any CPU.ActiveCfg = Debug|Any CPU
		{23B0C606-3A76-4A22-ACDF-CD7C3387D306}.Debug|Any CPU.Build.0 = Debug|Any CPU
		{23B0C606-3A76-4A22-ACDF-CD7C3387D306}.Release|Any CPU.ActiveCfg = Release|Any CPU
		{23B0C606-3A76-4A22-ACDF-CD7C3387D306}.Release|Any CPU.Build.0 = Release|Any CPU
	EndGlobalSection
	GlobalSection(SolutionProperties) = preSolution
		HideSolutionNode = FALSE
	EndGlobalSection
	GlobalSection(ExtensibilityGlobals) = postSolution
		SolutionGuid = {6AA9E8BA-CE71-4225-A94B-BB583BE02B15}
	EndGlobalSection
EndGlobal
